# This file is automatically @generated by Cargo.
# It is not intended for manual editing.
version = 4

[[package]]
name = "bitflags"
version = "2.11.0"
source = "registry+https://github.com/rust-lang/crates.io-index"
checksum = "843867be96c8daad0d758b57df9392b6d8d271134fce549de6ce169ff98a92af"

[[package]]
name = "fdt"
version = "0.1.5"
source = "registry+https://github.com/rust-lang/crates.io-index"
checksum = "784a4df722dc6267a04af36895398f59d21d07dce47232adf31ec0ff2fa45e67"

[[package]]
name = "log_buffer"
version = "1.2.0"
source = "registry+https://github.com/rust-lang/crates.io-index"
checksum = "f033173c9486b7fe97a79c895c0a3483ae395ab6744c985d10078950e2492419"

[[package]]
name = "minivm"
version = "0.1.0"
dependencies = [
 "fdt",
 "log_buffer",
 "minivm-init",
 "minivm-intc",
 "minivm-mem",
 "minivm-sched",
 "minivm-thread",
 "minivm-timer",
 "minivm-types",
 "minivm-vm",
]

[[package]]
name = "minivm-arch"
version = "0.1.0"
dependencies = [
 "minivm-types",
]

[[package]]
name = "minivm-event"
version = "0.1.0"

[[package]]
name = "minivm-guest-tests"
version = "0.1.0"

[[package]]
name = "minivm-init"
version = "0.1.0"
dependencies = [
 "bitflags",
 "minivm-power",
 "minivm-types",
]

[[package]]
name = "minivm-intc"
version = "0.1.0"
dependencies = [
 "minivm-types",
]

[[package]]
name = "minivm-mem"
version = "0.1.0"
dependencies = [
 "minivm-arch",
 "minivm-sync",
 "minivm-types",
]

[[package]]
name = "minivm-power"
version = "0.1.0"
dependencies = [
 "minivm-types",
]

[[package]]
name = "minivm-sched"
version = "0.1.0"
dependencies = [
 "minivm-arch",
 "minivm-sync",
 "minivm-types",
]

[[package]]
name = "minivm-sync"
version = "0.1.0"
dependencies = [
 "spin",
]

[[package]]
name = "minivm-thread"
version = "0.1.0"
dependencies = [
 "minivm-types",
]

[[package]]
name = "minivm-timer"
version = "0.1.0"
dependencies = [
 "minivm-sched",
 "minivm-types",
]

[[package]]
name = "minivm-trap"
version = "0.1.0"
dependencies = [
 "minivm-types",
]

[[package]]
name = "minivm-types"
version = "0.1.0"

[[package]]
name = "minivm-vm"
version = "0.1.0"
dependencies = [
 "minivm-arch",
 "minivm-event",
 "minivm-intc",
 "minivm-mem",
 "minivm-sched",
 "minivm-sync",
 "minivm-thread",
 "minivm-timer",
 "minivm-types",
]

[[package]]
name = "spin"
version = "0.9.8"
source = "registry+https://github.com/rust-lang/crates.io-index"
checksum = "6980e8d7511241f8acf4aebddbb1ff938df5eebe98691418c4468d0b72a96a67"
